
Microsoft Visual Studio Solution File, Format Version 12.00
# Visual Studio Version 16
VisualStudioVersion = 16.0.30621.155
MinimumVisualStudioVersion = 10.0.40219.1
Project("{FAE04EC0-301F-11D3-BF4B-00C04F79EFBC}") = "quanLyTieuDungDn", "quanLyTieuDungDn\quanLyTieuDungDn.csproj", "{95F4C5FA-F85D-4C23-AF9F-23484B6A2691}"
EndProject
Global
	GlobalSection(SolutionConfigurationPlatforms) = preSolution
		Debug|Any CPU = Debug|Any CPU
		Release|Any CPU = Release|Any CPU
	EndGlobalSection
	GlobalSection(ProjectConfigurationPlatforms) = postSolution
		{95F4C5FA-F85D-4C23-AF9F-23484B6A2691}.Debug|Any CPU.ActiveCfg = Debug|Any CPU
		{95F4C5FA-F85D-4C23-AF9F-23484B6A2691}.Debug|Any CPU.Build.0 = Debug|Any CPU
		{95F4C5FA-F85D-4C23-AF9F-23484B6A2691}.Release|Any CPU.ActiveCfg = Release|Any CPU
		{95F4C5FA-F85D-4C23-AF9F-23484B6A2691}.Release|Any CPU.Build.0 = Release|Any CPU
	EndGlobalSection
	GlobalSection(SolutionProperties) = preSolution
		HideSolutionNode = FALSE
	EndGlobalSection
	GlobalSection(ExtensibilityGlobals) = postSolution
		SolutionGuid = {6F4A6037-B379-43C7-86F1-5539A2B2AC33}
	EndGlobalSection
EndGlobal
